
Microsoft Visual Studio Solution File, Format Version 12.00
# Visual Studio Version 17
VisualStudioVersion = 17.5.33424.131
MinimumVisualStudioVersion = 10.0.40219.1
Project("{FAE04EC0-301F-11D3-BF4B-00C04F79EFBC}") = "BasicPrograms", "BasicPrograms.csproj", "{AC732CFA-EBE5-448C-A22B-9057905E9B02}"
EndProject
Global
	GlobalSection(SolutionConfigurationPlatforms) = preSolution
		Debug|Any CPU = Debug|Any CPU
		Release|Any CPU = Release|Any CPU
	EndGlobalSection
	GlobalSection(ProjectConfigurationPlatforms) = postSolution
		{AC732CFA-EBE5-448C-A22B-9057905E9B02}.Debug|Any CPU.ActiveCfg = Debug|Any CPU
		{AC732CFA-EBE5-448C-A22B-9057905E9B02}.Debug|Any CPU.Build.0 = Debug|Any CPU
		{AC732CFA-EBE5-448C-A22B-9057905E9B02}.Release|Any CPU.ActiveCfg = Release|Any CPU
		{AC732CFA-EBE5-448C-A22B-9057905E9B02}.Release|Any CPU.Build.0 = Release|Any CPU
	EndGlobalSection
	GlobalSection(SolutionProperties) = preSolution
		HideSolutionNode = FALSE
	EndGlobalSection
	GlobalSection(ExtensibilityGlobals) = postSolution
		SolutionGuid = {862C4409-97D6-41C3-AD25-B0A3EEA68E05}
	EndGlobalSection
EndGlobal
